
Microsoft Visual Studio Solution File, Format Version 12.00
# Visual Studio Version 17
VisualStudioVersion = 17.5.33516.290
MinimumVisualStudioVersion = 10.0.40219.1
Project("{FAE04EC0-301F-11D3-BF4B-00C04F79EFBC}") = "FizzBuzzTest", "TDD_FizzBuzz\FizzBuzzTest.csproj", "{98294611-0FCB-42DF-9286-4B8DF1F968B8}"
EndProject
Project("{FAE04EC0-301F-11D3-BF4B-00C04F79EFBC}") = "FizzBuzz", "FizzBuzz\FizzBuzz.csproj", "{88DF84C0-23C7-4569-8DF7-6427F8D851FF}"
EndProject
Global
	GlobalSection(SolutionConfigurationPlatforms) = preSolution
		Debug|Any CPU = Debug|Any CPU
		Release|Any CPU = Release|Any CPU
	EndGlobalSection
	GlobalSection(ProjectConfigurationPlatforms) = postSolution
		{98294611-0FCB-42DF-9286-4B8DF1F968B8}.Debug|Any CPU.ActiveCfg = Debug|Any CPU
		{98294611-0FCB-42DF-9286-4B8DF1F968B8}.Debug|Any CPU.Build.0 = Debug|Any CPU
		{98294611-0FCB-42DF-9286-4B8DF1F968B8}.Release|Any CPU.ActiveCfg = Release|Any CPU
		{98294611-0FCB-42DF-9286-4B8DF1F968B8}.Release|Any CPU.Build.0 = Release|Any CPU
		{88DF84C0-23C7-4569-8DF7-6427F8D851FF}.Debug|Any CPU.ActiveCfg = Debug|Any CPU
		{88DF84C0-23C7-4569-8DF7-6427F8D851FF}.Debug|Any CPU.Build.0 = Debug|Any CPU
		{88DF84C0-23C7-4569-8DF7-6427F8D851FF}.Release|Any CPU.ActiveCfg = Release|Any CPU
		{88DF84C0-23C7-4569-8DF7-6427F8D851FF}.Release|Any CPU.Build.0 = Release|Any CPU
	EndGlobalSection
	GlobalSection(SolutionProperties) = preSolution
		HideSolutionNode = FALSE
	EndGlobalSection
	GlobalSection(ExtensibilityGlobals) = postSolution
		SolutionGuid = {CA21285C-F73F-440D-9C26-C2CF6D70024F}
	EndGlobalSection
EndGlobal
